
Microsoft Visual Studio Solution File, Format Version 12.00
# Visual Studio Version 17
VisualStudioVersion = 17.2.32630.192
MinimumVisualStudioVersion = 10.0.40219.1
Project("{9A19103F-16F7-4668-BE54-9A1E7A4F7556}") = "Termomacchine", "Termomacchine.csproj", "{D5CF6F5F-71C6-4986-9A55-1D581452EB19}"
EndProject
Project("{54435603-DBB4-11D2-8724-00A0C9A8B90C}") = "termo_setup", "..\termo_setup\termo_setup.vdproj", "{13B4F01C-26DF-4CA8-850A-4146B7D3AFCC}"
EndProject
Global
	GlobalSection(SolutionConfigurationPlatforms) = preSolution
		Debug|Any CPU = Debug|Any CPU
		Release|Any CPU = Release|Any CPU
	EndGlobalSection
	GlobalSection(ProjectConfigurationPlatforms) = postSolution
		{D5CF6F5F-71C6-4986-9A55-1D581452EB19}.Debug|Any CPU.ActiveCfg = Debug|Any CPU
		{D5CF6F5F-71C6-4986-9A55-1D581452EB19}.Debug|Any CPU.Build.0 = Debug|Any CPU
		{D5CF6F5F-71C6-4986-9A55-1D581452EB19}.Release|Any CPU.ActiveCfg = Release|Any CPU
		{D5CF6F5F-71C6-4986-9A55-1D581452EB19}.Release|Any CPU.Build.0 = Release|Any CPU
		{13B4F01C-26DF-4CA8-850A-4146B7D3AFCC}.Debug|Any CPU.ActiveCfg = Debug
		{13B4F01C-26DF-4CA8-850A-4146B7D3AFCC}.Release|Any CPU.ActiveCfg = Release
	EndGlobalSection
	GlobalSection(SolutionProperties) = preSolution
		HideSolutionNode = FALSE
	EndGlobalSection
	GlobalSection(ExtensibilityGlobals) = postSolution
		SolutionGuid = {BEEA600A-5A7A-4B7F-98CC-0C7A3C5F9C14}
	EndGlobalSection
EndGlobal
